
Microsoft Visual Studio Solution File, Format Version 12.00
# Visual Studio 15
VisualStudioVersion = 15.0.27130.2010
MinimumVisualStudioVersion = 10.0.40219.1
Project("{FAE04EC0-301F-11D3-BF4B-00C04F79EFBC}") = "pc_part_picker_admin", "pc_part_picker_admin\pc_part_picker_admin.csproj", "{6E402A60-DE22-4DA1-92DB-D57B171FA71A}"
EndProject
Global
	GlobalSection(SolutionConfigurationPlatforms) = preSolution
		Debug|Any CPU = Debug|Any CPU
		Release|Any CPU = Release|Any CPU
	EndGlobalSection
	GlobalSection(ProjectConfigurationPlatforms) = postSolution
		{6E402A60-DE22-4DA1-92DB-D57B171FA71A}.Debug|Any CPU.ActiveCfg = Debug|Any CPU
		{6E402A60-DE22-4DA1-92DB-D57B171FA71A}.Debug|Any CPU.Build.0 = Debug|Any CPU
		{6E402A60-DE22-4DA1-92DB-D57B171FA71A}.Release|Any CPU.ActiveCfg = Release|Any CPU
		{6E402A60-DE22-4DA1-92DB-D57B171FA71A}.Release|Any CPU.Build.0 = Release|Any CPU
	EndGlobalSection
	GlobalSection(SolutionProperties) = preSolution
		HideSolutionNode = FALSE
	EndGlobalSection
	GlobalSection(ExtensibilityGlobals) = postSolution
		SolutionGuid = {F58E7AC8-C84D-4186-8F12-A130F71DFB9F}
	EndGlobalSection
EndGlobal
